# This file is automatically @generated by Poetry 1.4.0 and should not be changed by hand.

[[package]]
name = "glcontext"
version = "2.3.7"
description = "Portable OpenGL Context"
category = "main"
optional = false
python-versions = "*"
files = [
    {file = "glcontext-2.3.7-cp310-cp310-macosx_10_9_universal2.whl", hash = "sha256:8ece87d8616bf12e55a08a05159f4303c8b82d348c2c43c7297c85d8e95dfa3e"},
    {file = "glcontext-2.3.7-cp310-cp310-macosx_10_9_x86_64.whl", hash = "sha256:b5dcd68b23b1a549a3b0851d3621630e492ff9015a18f29f2512088b4e03e4d9"},
    {file = "glcontext-2.3.7-cp310-cp310-manylinux_2_17_aarch64.manylinux2014_aarch64.whl", hash = "sha256:3dc6a6133bffc33cb75bbc79dc08bd1e206017ac69ec68f703227aaf5f5129bb"},
    {file = "glcontext-2.3.7-cp310-cp310-manylinux_2_5_i686.manylinux1_i686.manylinux_2_17_i686.manylinux2014_i686.whl", hash = "sha256:bc906a19be96d2820dee8e681ca1d3129821eb6e5c4f1544db723edf0c0696bd"},
    {file = "glcontext-2.3.7-cp310-cp310-manylinux_2_5_x86_64.manylinux1_x86_64.manylinux_2_17_x86_64.manylinux2014_x86_64.whl", hash = "sha256:89869925f4e1762878561fa1e3cbd1ee5ce73e5597275b5fc8bc054dd894fca4"},
    {file = "glcontext-2.3.7-cp310-cp310-win32.whl", hash = "sha256:088482e07aed6229a34fbb1d0c5fbe0ad9c413dbddb5eaaa8e5c83d933cbe8d6"},
    {file = "glcontext-2.3.7-cp310-cp310-win_amd64.whl", hash = "sha256:03b505fc8ce2dfcf800feac0e20cbb7b1899a5ef7407fa0cccb3267a5b2abbdb"},
    {file = "glcontext-2.3.7-cp311-cp311-macosx_10_9_universal2.whl", hash = "sha256:155154084bdedfc8904524d8bd212e5896cc5d5caf1d45c19d13dc34aee4b5ab"},
    {file = "glcontext-2.3.7-cp311-cp311-macosx_10_9_x86_64.whl", hash = "sha256:65bf63b2068e13183e34a4beaf921f20cd144a25cebed0fa9a46f25e8b47577d"},
    {file = "glcontext-2.3.7-cp311-cp311-manylinux_2_17_aarch64.manylinux2014_aarch64.whl", hash = "sha256:51e04b162529f99c7b764129e07aaa3ec8edfc63ca7a212b71e348319f8b821b"},
    {file = "glcontext-2.3.7-cp311-cp311-manylinux_2_5_i686.manylinux1_i686.manylinux_2_17_i686.manylinux2014_i686.whl", hash = "sha256:0961811d85ac551b1ce1f197296a8e5f497b35a149cfc6e128f74dfaef5e592f"},
    {file = "glcontext-2.3.7-cp311-cp311-manylinux_2_5_x86_64.manylinux1_x86_64.manylinux_2_17_x86_64.manylinux2014_x86_64.whl", hash = "sha256:fa4595600a699ed13e854b87116a1519a25e47a10100df01650c1be3532bd629"},
    {file = "glcontext-2.3.7-cp311-cp311-win32.whl", hash = "sha256:7dc827f119ccc3ea55b7bec73573516117c55319edc93bc2bbcf389bf1e7acfe"},
    {file = "glcontext-2.3.7-cp311-cp311-win_amd64.whl", hash = "sha256:a22a3fbb3abefd7a9f5a672af8fccb8d8d996b2eae2075ac9d8ca10f4a6f6653"},
    {file = "glcontext-2.3.7-cp37-cp37m-macosx_10_9_x86_64.whl", hash = "sha256:6df4cf354adb911a9ca58bc5c60fb1ae27544527878bc3ddf8f7ea56946c6fcc"},
    {file = "glcontext-2.3.7-cp37-cp37m-manylinux_2_17_aarch64.manylinux2014_aarch64.whl", hash = "sha256:1f1656e931c937f8bdce12c551fa0077db814b123e7f16b6db26e1e7c89dae16"},
    {file = "glcontext-2.3.7-cp37-cp37m-manylinux_2_5_i686.manylinux1_i686.manylinux_2_17_i686.manylinux2014_i686.whl", hash = "sha256:058bf839884b5d5d8488978ed804023be64fc9bafb674a0ede1ba26c05bd9146"},
    {file = "glcontext-2.3.7-cp37-cp37m-manylinux_2_5_x86_64.manylinux1_x86_64.manylinux_2_17_x86_64.manylinux2014_x86_64.whl", hash = "sha256:f17be52c99e3eaeefaaac780bde40bfa99be3ad32bbfed346bb347c9d0b01967"},
    {file = "glcontext-2.3.7-cp37-cp37m-win32.whl", hash = "sha256:5a4cc4fef74dcab0b428ef750fad3c05311657ffb4f1dd3d4afa75e664551588"},
    {file = "glcontext-2.3.7-cp37-cp37m-win_amd64.whl", hash = "sha256:fd03d6d8dbfdd9bab97ada98759e345b29d50f690cec95dd01d22d02f616bfea"},
    {file = "glcontext-2.3.7-cp38-cp38-macosx_10_9_universal2.whl", hash = "sha256:03b3925472771607d13feb9a0de93b04408ae86c91eee3f5e09e43744f90b1af"},
    {file = "glcontext-2.3.7-cp38-cp38-macosx_10_9_x86_64.whl", hash = "sha256:f234ebcc3355155811389c320974056ce20233770205fc7cb41d8653d6137efa"},
    {file = "glcontext-2.3.7-cp38-cp38-manylinux_2_17_aarch64.manylinux2014_aarch64.whl", hash = "sha256:46ef33b616027a616dcceba33bc48e589ba24fa84ee43c5b8611c5b57d2dace3"},
    {file = "glcontext-2.3.7-cp38-cp38-manylinux_2_5_i686.manylinux1_i686.manylinux_2_17_i686.manylinux2014_i686.whl", hash = "sha256:3ff822473d498d606424f92a341d01121562af35bf1d3d0e2ccd1f9c2f86859b"},
    {file = "glcontext-2.3.7-cp38-cp38-manylinux_2_5_x86_64.manylinux1_x86_64.manylinux_2_17_x86_64.manylinux2014_x86_64.whl", hash = "sha256:87c90b525296c4930b1f74bf460b97af052c3cc9ba47d811f416ed82e1b16b03"},
    {file = "glcontext-2.3.7-cp38-cp38-win32.whl", hash = "sha256:f1444229f84a7aea48ce3f1143147acee92eee264826db4c41ea38c6b0a924a9"},
    {file = "glcontext-2.3.7-cp38-cp38-win_amd64.whl", hash = "sha256:59580776fd7e520995b82a6134c8ca7152a7881e174077fc785f4cc69c476d69"},
    {file = "glcontext-2.3.7-cp39-cp39-macosx_10_9_universal2.whl", hash = "sha256:8aa90a648f17bacacef95b09a5fab368e8feff3714fc4b81eb9374bd439850e6"},
    {file = "glcontext-2.3.7-cp39-cp39-macosx_10_9_x86_64.whl", hash = "sha256:867fe03c1c241d2416b719e23d1671537e34e03bab741dcc50d49298c1397073"},
    {file = "glcontext-2.3.7-cp39-cp39-manylinux_2_17_aarch64.manylinux2014_aarch64.whl", hash = "sha256:ae930d226f9145ec580f3fe10fc23262b8c21a6a0cd6fbc081a6606e9000ce74"},
    {file = "glcontext-2.3.7-cp39-cp39-manylinux_2_5_i686.manylinux1_i686.manylinux_2_17_i686.manylinux2014_i686.whl", hash = "sha256:cc73099fa7525a20e2021a2f2befa61e9ef306364838c1859ba79f5bd8eda33a"},
    {file = "glcontext-2.3.7-cp39-cp39-manylinux_2_5_x86_64.manylinux1_x86_64.manylinux_2_17_x86_64.manylinux2014_x86_64.whl", hash = "sha256:755698083c6119e771ea3f5837143324636700e1e5b397885c05085a837d5876"},
    {file = "glcontext-2.3.7-cp39-cp39-win32.whl", hash = "sha256:ab8147607af85fc2ec2e02b4364ff36b636f63781295e74220dc5c5856794e07"},
    {file = "glcontext-2.3.7-cp39-cp39-win_amd64.whl", hash = "sha256:2fae2d4bcb0564e0eb8e72c97e149faebfad369aeaef74ed7fd17f5f84a07428"},
    {file = "glcontext-2.3.7-pp37-pypy37_pp73-macosx_10_9_x86_64.whl", hash = "sha256:e48550269c3baff04cc46ca79bd9d2d5a62216665751b10aa86d95ebe182d319"},
    {file = "glcontext-2.3.7-pp37-pypy37_pp73-manylinux_2_17_aarch64.manylinux2014_aarch64.whl", hash = "sha256:82eff3e5664c5a17fc0cbb1dae2c32088cdd3c3bfbfe4b9c71012275c2a63e8e"},
    {file = "glcontext-2.3.7-pp37-pypy37_pp73-manylinux_2_5_i686.manylinux1_i686.manylinux_2_17_i686.manylinux2014_i686.whl", hash = "sha256:44f7dbf800e6f933a5c56e07b18ef70f44949f34bf57f5d5318e2199c12cbfbc"},
    {file = "glcontext-2.3.7-pp37-pypy37_pp73-manylinux_2_5_x86_64.manylinux1_x86_64.manylinux_2_17_x86_64.manylinux2014_x86_64.whl", hash = "sha256:4d18b3e9e9259595dd5c538c1fd9238f8b26c22d6351397e721ef8a89ad55f12"},
    {file = "glcontext-2.3.7-pp37-pypy37_pp73-win_amd64.whl", hash = "sha256:376e12d230fd198a329dfe253b41480b0a015a2dabbac5eecf6b279fe3afb1b3"},
    {file = "glcontext-2.3.7-pp38-pypy38_pp73-macosx_10_9_x86_64.whl", hash = "sha256:84dc3b831af386cb20cae8fb10ac78d8007bb29118730db2e9f21c329a528028"},
    {file = "glcontext-2.3.7-pp38-pypy38_pp73-manylinux_2_17_aarch64.manylinux2014_aarch64.whl", hash = "sha256:b85c873315741dbc208c199cbe449aa77d1831551dd78d9b3d67e0a6f9eb576d"},
    {file = "glcontext-2.3.7-pp38-pypy38_pp73-manylinux_2_5_i686.manylinux1_i686.manylinux_2_17_i686.manylinux2014_i686.whl", hash = "sha256:94e47dd8cf39cabe20b41dd0c4c6589f0c7a4de2a5bad8e51ab0fc0b4a26ae6b"},
    {file = "glcontext-2.3.7-pp38-pypy38_pp73-manylinux_2_5_x86_64.manylinux1_x86_64.manylinux_2_17_x86_64.manylinux2014_x86_64.whl", hash = "sha256:79e561b67e606b6e13ba58e6ae3e688e3429dbb5d60e551ba40d649432044f37"},
    {file = "glcontext-2.3.7-pp38-pypy38_pp73-win_amd64.whl", hash = "sha256:d986976c9b758d60d966fbaf8bdff129d125e8b2c58889d2220ca96991f1071e"},
    {file = "glcontext-2.3.7-pp39-pypy39_pp73-macosx_10_9_x86_64.whl", hash = "sha256:891b56a3bbaf3470595c218e847e79448e95cecb412224c8585da640c61cf29a"},
    {file = "glcontext-2.3.7-pp39-pypy39_pp73-manylinux_2_17_aarch64.manylinux2014_aarch64.whl", hash = "sha256:a349317c9d634aa56e30aae9ad408bc1b9de281af0e4f87de682b454ebaf540e"},
    {file = "glcontext-2.3.7-pp39-pypy39_pp73-manylinux_2_5_i686.manylinux1_i686.manylinux_2_17_i686.manylinux2014_i686.whl", hash = "sha256:1716d21d423a1a2261cd717bc66714eeb5464d6a061b92678f356ca69cfd1255"},
    {file = "glcontext-2.3.7-pp39-pypy39_pp73-manylinux_2_5_x86_64.manylinux1_x86_64.manylinux_2_17_x86_64.manylinux2014_x86_64.whl", hash = "sha256:440ff5f59f318ce495c6bdddfa01a23dd64713fb960ceb87c3a9423745781d47"},
    {file = "glcontext-2.3.7-pp39-pypy39_pp73-win_amd64.whl", hash = "sha256:ef0c7e534e53f14b7b09dc3fe1e207243c9bb3eb2543d9876ed253156ca7a8bf"},
    {file = "glcontext-2.3.7.tar.gz", hash = "sha256:bb2d0503f45ad85ca7319bd37fd983e374b3f824c38a450b5f72cfc974114156"},
]

[[package]]
name = "moderngl"
version = "5.8.1"
description = "ModernGL: High performance rendering for Python 3"
category = "main"
optional = false
python-versions = "*"
files = [
    {file = "moderngl-5.8.1-cp310-cp310-macosx_10_9_universal2.whl", hash = "sha256:2b5321c60e2c861af27967fb42e546a4a2cee5d0a60548f1bf75f476374c90ad"},
    {file = "moderngl-5.8.1-cp310-cp310-macosx_10_9_x86_64.whl", hash = "sha256:8f5b7b60750332e3990f07d81f79b4a450d6a611b9ba9043a83ef9ac10973c42"},
    {file = "moderngl-5.8.1-cp310-cp310-manylinux_2_17_aarch64.manylinux2014_aarch64.whl", hash = "sha256:737059c11afdced2cc0f594887a97e6c9239fa9b520fcec895be873d0264af15"},
    {file = "moderngl-5.8.1-cp310-cp310-manylinux_2_17_x86_64.manylinux2014_x86_64.whl", hash = "sha256:974d60ab33dfce1e15af3a2fca8079d361dad19d684e91b4bb72e544895bc3c9"},
    {file = "moderngl-5.8.1-cp310-cp310-manylinux_2_5_i686.manylinux1_i686.manylinux_2_17_i686.manylinux2014_i686.whl", hash = "sha256:e3c295fe10638e926c74c08c28c7a60c8bb961126444bc4eb89ea90c64170386"},
    {file = "moderngl-5.8.1-cp310-cp310-win32.whl", hash = "sha256:c7c8d60eff770743df24a5a8a64ac91ad9f12b1646d2639731801465af75b41d"},
    {file = "moderngl-5.8.1-cp310-cp310-win_amd64.whl", hash = "sha256:8d4bacfe5b5cef87bc1c4b4d60727e27aa69c4a186f53c47b837d5767cf25ca8"},
    {file = "moderngl-5.8.1-cp311-cp311-macosx_10_9_universal2.whl", hash = "sha256:4f8a4cf871303fa8fd4e30db53b3614b02ea9a842b41c1b5ca1f32a06e5b355c"},
    {file = "moderngl-5.8.1-cp311-cp311-macosx_10_9_x86_64.whl", hash = "sha256:06842ad1a36a6dada82c20ed2925b6b73e49135c7cc3167b631a2722a2ede12d"},
    {file = "moderngl-5.8.1-cp311-cp311-manylinux_2_17_aarch64.manylinux2014_aarch64.whl", hash = "sha256:469aa8b28b67ed77deffd522bab06c4cb978f6e6aae4255a1d63ba164ab00244"},
    {file = "moderngl-5.8.1-cp311-cp311-manylinux_2_17_x86_64.manylinux2014_x86_64.whl", hash = "sha256:400e4a3cd5a1995eb4e7a817a59ee3ff6bca87b2f8b4c6725d57405a7c15dcaf"},
    {file = "moderngl-5.8.1-cp311-cp311-manylinux_2_5_i686.manylinux1_i686.manylinux_2_17_i686.manylinux2014_i686.whl", hash = "sha256:d04373f0ecd460b4ee4e6195ff1ca242ba072595ed9c6b3f2f367c3cbfd2cfd4"},
    {file = "moderngl-5.8.1-cp311-cp311-win32.whl", hash = "sha256:368aa96d9acfa4c90c8475ee3756975f560080436483ea8ad67193fada1798fc"},
    {file = "moderngl-5.8.1-cp311-cp311-win_amd64.whl", hash = "sha256:7afcf5f4ff60668ec2dbfec321850f97c46ba58c5e243b4b4355e0b4e8d9ac84"},
    {file = "moderngl-5.8.1-cp37-cp37m-macosx_10_9_x86_64.whl", hash = "sha256:4a21bf213d59d0fadfd9068987a07b7ebe3e89a70e0197ead15c8bf5dd8f1b78"},
    {file = "moderngl-5.8.1-cp37-cp37m-manylinux_2_17_aarch64.manylinux2014_aarch64.whl", hash = "sha256:f2a94e28fa09d8f2cadaecff2de85410c760e417f5fc9ed43009bc2b985e8091"},
    {file = "moderngl-5.8.1-cp37-cp37m-manylinux_2_17_x86_64.manylinux2014_x86_64.whl", hash = "sha256:6a92399cc778ba8b425a31f00e0a80b096b92ef93a3881a1c1af6897ac4c1d54"},
    {file = "moderngl-5.8.1-cp37-cp37m-manylinux_2_5_i686.manylinux1_i686.manylinux_2_17_i686.manylinux2014_i686.whl", hash = "sha256:84d8bfa4c4bbd9de1010ea306fb8269cb9a111891c49e700f1ede1b1304165c1"},
    {file = "moderngl-5.8.1-cp37-cp37m-win32.whl", hash = "sha256:300a27f54f418ab51e3fda03942cf323f7f31785086d16e3fbee461d05851453"},
    {file = "moderngl-5.8.1-cp37-cp37m-win_amd64.whl", hash = "sha256:8c725950b2e1dba3704d1f1eec37ef224bd10cf47202853bcfee36b8f8cbaa74"},
    {file = "moderngl-5.8.1-cp38-cp38-macosx_10_9_universal2.whl", hash = "sha256:5149da9867cbcc59c398ba94f19aa15f7807524de0961dc7b7d86c5c5e0a7db5"},
    {file = "moderngl-5.8.1-cp38-cp38-macosx_10_9_x86_64.whl", hash = "sha256:2718dbf8ad0e69cc29032e60a6405310487aa6cd1977508dcf5a386db9718e5e"},
    {file = "moderngl-5.8.1-cp38-cp38-manylinux_2_17_aarch64.manylinux2014_aarch64.whl", hash = "sha256:d3d1425758e790164d300ce06a598e5054bcd57d63416ab7c910a2e51c496c50"},
    {file = "moderngl-5.8.1-cp38-cp38-manylinux_2_17_x86_64.manylinux2014_x86_64.whl", hash = "sha256:f43a8a5a7211c22e46fdd94646c21e273d2b51a3e86ae2d28573d37591ff75ea"},
    {file = "moderngl-5.8.1-cp38-cp38-manylinux_2_5_i686.manylinux1_i686.manylinux_2_17_i686.manylinux2014_i686.whl", hash = "sha256:d8ecce925da77eab678c549d8e199f21bdd3c746ecd9207aa85bb87489bccb51"},
    {file = "moderngl-5.8.1-cp38-cp38-win32.whl", hash = "sha256:d135d1bf79f8a0b524a852eed90f0b59a0953b0e1bfe25d535b8dfb05e8d0195"},
    {file = "moderngl-5.8.1-cp38-cp38-win_amd64.whl", hash = "sha256:d7784a5f47bc28af41c4981776c500ae15f47f7380ec45c26a776a9b32579c5f"},
    {file = "moderngl-5.8.1-cp39-cp39-macosx_10_9_universal2.whl", hash = "sha256:dadacc889bdc3fca6c8b7fc7304e98432835b43fb8b88a31ea21317404bcfdfb"},
    {file = "moderngl-5.8.1-cp39-cp39-macosx_10_9_x86_64.whl", hash = "sha256:a7e5e9b79cea00e1c0defda01de1f4b8c5b16a6b81ae49c106ddf613de70cbf8"},
    {file = "moderngl-5.8.1-cp39-cp39-manylinux_2_17_aarch64.manylinux2014_aarch64.whl", hash = "sha256:26d7d9645ee513085a621db5dd9e3768ae020549b69c5d27b5157aaa5f245960"},
    {file = "moderngl-5.8.1-cp39-cp39-manylinux_2_17_x86_64.manylinux2014_x86_64.whl", hash = "sha256:8ad774a21a4dead9ad3d8dfdef6351a5d38cf4f8bd55c1bcd54f2d9109b05bf8"},
    {file = "moderngl-5.8.1-cp39-cp39-manylinux_2_5_i686.manylinux1_i686.manylinux_2_17_i686.manylinux2014_i686.whl", hash = "sha256:f64bcddb53f42a71891f7d215fa9dade2b8e128d3d0dd67d47a58a43d98d99fa"},
    {file = "moderngl-5.8.1-cp39-cp39-win32.whl", hash = "sha256:2979aa6e2743a97aa64bb0e9c17f21ea7070b2b78cc2090f43784102ce3c28d0"},
    {file = "moderngl-5.8.1-cp39-cp39-win_amd64.whl", hash = "sha256:00613fcec6060be8d94936b22a4c2ecdd9545d806e5a5dc92e63e36f34e14270"},
    {file = "moderngl-5.8.1-pp37-pypy37_pp73-macosx_10_9_x86_64.whl", hash = "sha256:2117acfd7a16038b5ca7ef8293f4037302967aa3c36a98189804178316e492f3"},
    {file = "moderngl-5.8.1-pp37-pypy37_pp73-manylinux_2_17_aarch64.manylinux2014_aarch64.whl", hash = "sha256:9c3e68ea522824f0152e04049e71a9dcaa19df87860bd0254583a5d6dda1df3a"},
    {file = "moderngl-5.8.1-pp37-pypy37_pp73-manylinux_2_17_x86_64.manylinux2014_x86_64.whl", hash = "sha256:a9af3d8eebc33f2c441dc8af08d7383917fba0f00649d355f70563d8f3fc9b4d"},
    {file = "moderngl-5.8.1-pp37-pypy37_pp73-manylinux_2_5_i686.manylinux1_i686.manylinux_2_17_i686.manylinux2014_i686.whl", hash = "sha256:9a3544e66c432ab00ec7dc29a65ab99503798bc7b643edfba7827486ac9bfb35"},
    {file = "moderngl-5.8.1-pp37-pypy37_pp73-win_amd64.whl", hash = "sha256:91c329fa5444d1293e46a26d4ce887487ebdefe011faed20af6869588b635bbb"},
    {file = "moderngl-5.8.1-pp38-pypy38_pp73-macosx_10_9_x86_64.whl", hash = "sha256:71e0555bb524c889116259810bf7eb40d53e5c5f5b401338c880be4df2eea114"},
    {file = "moderngl-5.8.1-pp38-pypy38_pp73-manylinux_2_17_aarch64.manylinux2014_aarch64.whl", hash = "sha256:8dda713ea3f4f8e312f805657330f419faa5a1d644bfe5d1efc33e92d0221db1"},
    {file = "moderngl-5.8.1-pp38-pypy38_pp73-manylinux_2_17_x86_64.manylinux2014_x86_64.whl", hash = "sha256:f4087d39ce5d93e8dc34de4b44adcab493831e5ba78bda5ba0e2d1cc4796a946"},
    {file = "moderngl-5.8.1-pp38-pypy38_pp73-manylinux_2_5_i686.manylinux1_i686.manylinux_2_17_i686.manylinux2014_i686.whl", hash = "sha256:4c9b0548a8dfd4e513139f8afdcd47cfc8dafec1c2cba686cd58a0cf01d66606"},
    {file = "moderngl-5.8.1-pp38-pypy38_pp73-win_amd64.whl", hash = "sha256:b25f3b69dfe7bf2a4aa5b2c466f5c9de71ad17a8d49574dfc89a0e04287e9a82"},
    {file = "moderngl-5.8.1-pp39-pypy39_pp73-macosx_10_9_x86_64.whl", hash = "sha256:07f8c298679ccbd853ab9e231d864dadeaf36bfd1c0c0dc7a687c67e65a48280"},
    {file = "moderngl-5.8.1-pp39-pypy39_pp73-manylinux_2_17_aarch64.manylinux2014_aarch64.whl", hash = "sha256:2d884d2cf88ab5299ad3d16526b7b291a58b2fcb26f98a7858354ad2fcc0adf5"},
    {file = "moderngl-5.8.1-pp39-pypy39_pp73-manylinux_2_17_x86_64.manylinux2014_x86_64.whl", hash = "sha256:af33519b25f1b6b9f719b314a7305af787e9dac1ed31225860b972d901c0ed12"},
    {file = "moderngl-5.8.1-pp39-pypy39_pp73-manylinux_2_5_i686.manylinux1_i686.manylinux_2_17_i686.manylinux2014_i686.whl", hash = "sha256:7a17a046dbce4114c76855f19f6943eb57b62de1af80940306cd392dce5c5443"},
    {file = "moderngl-5.8.1-pp39-pypy39_pp73-win_amd64.whl", hash = "sha256:e438c46e1e563a1c2989076df77b92f6f4c0862d767783474feabb91f4f23218"},
    {file = "moderngl-5.8.1.tar.gz", hash = "sha256:962ed003d8d764bd33e02e74f1b3b1c0c75a1b92f51f038d2a1309c06f4e5cb8"},
]

[package.dependencies]
glcontext = ">=2.3.6,<3"

[metadata]
lock-version = "2.0"
python-versions = "^3.11"
content-hash = "803b1459d46ccff815110fad120e8023e22ed8eede378b0a9369b7206856167d"
